
Microsoft Visual Studio Solution File, Format Version 12.00
# Visual Studio 2013
VisualStudioVersion = 12.0.30723.0
MinimumVisualStudioVersion = 10.0.40219.1
Project("{FAE04EC0-301F-11D3-BF4B-00C04F79EFBC}") = "APT", "APT\APT.csproj", "{45946FE9-598B-4C21-8D29-7C7A7729DE31}"
EndProject
Project("{FAE04EC0-301F-11D3-BF4B-00C04F79EFBC}") = "Data", "Data\Data.csproj", "{34F30979-5240-4098-AC37-4B05BE014E7C}"
EndProject
Project("{FAE04EC0-301F-11D3-BF4B-00C04F79EFBC}") = "KGBWebService", "KGBWebService\KGBWebService.csproj", "{D7CDAD6A-0F80-4DA1-9117-BC2AC9373D9A}"
EndProject
Project("{FAE04EC0-301F-11D3-BF4B-00C04F79EFBC}") = "InovixTeste", "InovixTeste\InovixTeste.csproj", "{C01A1D84-0831-4F09-A1B7-000FFD938E7D}"
	ProjectSection(ProjectDependencies) = postProject
		{D7CDAD6A-0F80-4DA1-9117-BC2AC9373D9A} = {D7CDAD6A-0F80-4DA1-9117-BC2AC9373D9A}
	EndProjectSection
EndProject
Global
	GlobalSection(SolutionConfigurationPlatforms) = preSolution
		Debug|Any CPU = Debug|Any CPU
		Release|Any CPU = Release|Any CPU
	EndGlobalSection
	GlobalSection(ProjectConfigurationPlatforms) = postSolution
		{45946FE9-598B-4C21-8D29-7C7A7729DE31}.Debug|Any CPU.ActiveCfg = Debug|Any CPU
		{45946FE9-598B-4C21-8D29-7C7A7729DE31}.Debug|Any CPU.Build.0 = Debug|Any CPU
		{45946FE9-598B-4C21-8D29-7C7A7729DE31}.Release|Any CPU.ActiveCfg = Release|Any CPU
		{45946FE9-598B-4C21-8D29-7C7A7729DE31}.Release|Any CPU.Build.0 = Release|Any CPU
		{34F30979-5240-4098-AC37-4B05BE014E7C}.Debug|Any CPU.ActiveCfg = Debug|Any CPU
		{34F30979-5240-4098-AC37-4B05BE014E7C}.Debug|Any CPU.Build.0 = Debug|Any CPU
		{34F30979-5240-4098-AC37-4B05BE014E7C}.Release|Any CPU.ActiveCfg = Release|Any CPU
		{34F30979-5240-4098-AC37-4B05BE014E7C}.Release|Any CPU.Build.0 = Release|Any CPU
		{D7CDAD6A-0F80-4DA1-9117-BC2AC9373D9A}.Debug|Any CPU.ActiveCfg = Debug|Any CPU
		{D7CDAD6A-0F80-4DA1-9117-BC2AC9373D9A}.Debug|Any CPU.Build.0 = Debug|Any CPU
		{D7CDAD6A-0F80-4DA1-9117-BC2AC9373D9A}.Release|Any CPU.ActiveCfg = Release|Any CPU
		{D7CDAD6A-0F80-4DA1-9117-BC2AC9373D9A}.Release|Any CPU.Build.0 = Release|Any CPU
		{C01A1D84-0831-4F09-A1B7-000FFD938E7D}.Debug|Any CPU.ActiveCfg = Debug|Any CPU
		{C01A1D84-0831-4F09-A1B7-000FFD938E7D}.Debug|Any CPU.Build.0 = Debug|Any CPU
		{C01A1D84-0831-4F09-A1B7-000FFD938E7D}.Release|Any CPU.ActiveCfg = Release|Any CPU
		{C01A1D84-0831-4F09-A1B7-000FFD938E7D}.Release|Any CPU.Build.0 = Release|Any CPU
	EndGlobalSection
	GlobalSection(SolutionProperties) = preSolution
		HideSolutionNode = FALSE
	EndGlobalSection
EndGlobal
